
Microsoft Visual Studio Solution File, Format Version 11.00
# Visual Studio 2010
Project("{8BC9CEB8-8B4A-11D0-8D11-00A0C91BC942}") = "RuanKo-GobangGame", "RuanKo-GobangGame\RuanKo-GobangGame.vcxproj", "{6E470E5C-54E8-438E-8075-5224E1F75E1F}"
EndProject
Global
	GlobalSection(SolutionConfigurationPlatforms) = preSolution
		Debug|Win32 = Debug|Win32
		Release|Win32 = Release|Win32
	EndGlobalSection
	GlobalSection(ProjectConfigurationPlatforms) = postSolution
		{6E470E5C-54E8-438E-8075-5224E1F75E1F}.Debug|Win32.ActiveCfg = Debug|Win32
		{6E470E5C-54E8-438E-8075-5224E1F75E1F}.Debug|Win32.Build.0 = Debug|Win32
		{6E470E5C-54E8-438E-8075-5224E1F75E1F}.Release|Win32.ActiveCfg = Release|Win32
		{6E470E5C-54E8-438E-8075-5224E1F75E1F}.Release|Win32.Build.0 = Release|Win32
	EndGlobalSection
	GlobalSection(SolutionProperties) = preSolution
		HideSolutionNode = FALSE
	EndGlobalSection
EndGlobal
